
Microsoft Visual Studio Solution File, Format Version 12.00
# Visual Studio 14
VisualStudioVersion = 14.0.25420.1
MinimumVisualStudioVersion = 10.0.40219.1
Project("{FAE04EC0-301F-11D3-BF4B-00C04F79EFBC}") = "Schiffe Versenken", "Schiffe Versenken\Schiffe Versenken.csproj", "{38703FA5-3CDD-4337-9BF8-CC8ADC7D3A8B}"
EndProject
Project("{FAE04EC0-301F-11D3-BF4B-00C04F79EFBC}") = "Ships", "Ships\Ships.csproj", "{BD32321E-5D63-44F1-9CF9-275926F1CE06}"
EndProject
Global
	GlobalSection(SolutionConfigurationPlatforms) = preSolution
		Debug|Any CPU = Debug|Any CPU
		Release|Any CPU = Release|Any CPU
	EndGlobalSection
	GlobalSection(ProjectConfigurationPlatforms) = postSolution
		{38703FA5-3CDD-4337-9BF8-CC8ADC7D3A8B}.Debug|Any CPU.ActiveCfg = Debug|Any CPU
		{38703FA5-3CDD-4337-9BF8-CC8ADC7D3A8B}.Debug|Any CPU.Build.0 = Debug|Any CPU
		{38703FA5-3CDD-4337-9BF8-CC8ADC7D3A8B}.Release|Any CPU.ActiveCfg = Release|Any CPU
		{38703FA5-3CDD-4337-9BF8-CC8ADC7D3A8B}.Release|Any CPU.Build.0 = Release|Any CPU
		{BD32321E-5D63-44F1-9CF9-275926F1CE06}.Debug|Any CPU.ActiveCfg = Debug|Any CPU
		{BD32321E-5D63-44F1-9CF9-275926F1CE06}.Debug|Any CPU.Build.0 = Debug|Any CPU
		{BD32321E-5D63-44F1-9CF9-275926F1CE06}.Release|Any CPU.ActiveCfg = Release|Any CPU
		{BD32321E-5D63-44F1-9CF9-275926F1CE06}.Release|Any CPU.Build.0 = Release|Any CPU
	EndGlobalSection
	GlobalSection(SolutionProperties) = preSolution
		HideSolutionNode = FALSE
	EndGlobalSection
EndGlobal
